
Microsoft Visual Studio Solution File, Format Version 12.00
# Visual Studio Version 16
VisualStudioVersion = 16.0.30104.148
MinimumVisualStudioVersion = 10.0.40219.1
Project("{FAE04EC0-301F-11D3-BF4B-00C04F79EFBC}") = "Interview", "Interview.csproj", "{9684A7DD-1E6E-4617-AE1A-2773C77C3C9D}"
EndProject
Global
	GlobalSection(SolutionConfigurationPlatforms) = preSolution
		Debug|Any CPU = Debug|Any CPU
		Release|Any CPU = Release|Any CPU
	EndGlobalSection
	GlobalSection(ProjectConfigurationPlatforms) = postSolution
		{9684A7DD-1E6E-4617-AE1A-2773C77C3C9D}.Debug|Any CPU.ActiveCfg = Debug|Any CPU
		{9684A7DD-1E6E-4617-AE1A-2773C77C3C9D}.Debug|Any CPU.Build.0 = Debug|Any CPU
		{9684A7DD-1E6E-4617-AE1A-2773C77C3C9D}.Release|Any CPU.ActiveCfg = Release|Any CPU
		{9684A7DD-1E6E-4617-AE1A-2773C77C3C9D}.Release|Any CPU.Build.0 = Release|Any CPU
	EndGlobalSection
	GlobalSection(SolutionProperties) = preSolution
		HideSolutionNode = FALSE
	EndGlobalSection
	GlobalSection(ExtensibilityGlobals) = postSolution
		SolutionGuid = {329CA746-DD04-4AA8-9564-2E1472CACD76}
	EndGlobalSection
EndGlobal
